// !$*UTF8*$!
{
	archiveVersion = 1;
	classes = {
	};
	objectVersion = 56;
	objects = {

/* Begin PBXBuildFile section */
		304837E72CE2553400200EC6 /* Outfit7TakeHomeTestApp.swift in Sources */ = {isa = PBXBuildFile; fileRef = 304837E62CE2553400200EC6 /* Outfit7TakeHomeTestApp.swift */; };
		304837E92CE2553400200EC6 /* ContentView.swift in Sources */ = {isa = PBXBuildFile; fileRef = 304837E82CE2553400200EC6 /* ContentView.swift */; };
		304837EB2CE2553400200EC6 /* Assets.xcassets in Resources */ = {isa = PBXBuildFile; fileRef = 304837EA2CE2553400200EC6 /* Assets.xcassets */; };
		304837EE2CE2553400200EC6 /* Preview Assets.xcassets in Resources */ = {isa = PBXBuildFile; fileRef = 304837ED2CE2553400200EC6 /* Preview Assets.xcassets */; };
		304837F92CE2580C00200EC6 /* LocalEmployeeDataSourceProtocol.swift in Sources */ = {isa = PBXBuildFile; fileRef = 304837F82CE2580C00200EC6 /* LocalEmployeeDataSourceProtocol.swift */; };
		304837FB2CE25B1D00200EC6 /* CoreDataService.swift in Sources */ = {isa = PBXBuildFile; fileRef = 304837FA2CE25B1D00200EC6 /* CoreDataService.swift */; };
		304837FE2CE25C4E00200EC6 /* EmployeeCoreDataModel.xcdatamodeld in Sources */ = {isa = PBXBuildFile; fileRef = 304837FC2CE25C4E00200EC6 /* EmployeeCoreDataModel.xcdatamodeld */; };
		3099CDA42CE25F4D00A84F61 /* EmployeeDomainModel.swift in Sources */ = {isa = PBXBuildFile; fileRef = 3099CDA32CE25F4D00A84F61 /* EmployeeDomainModel.swift */; };
		3099CDA62CE261DF00A84F61 /* GenderModel.swift in Sources */ = {isa = PBXBuildFile; fileRef = 3099CDA52CE261DF00A84F61 /* GenderModel.swift */; };
/* End PBXBuildFile section */

/* Begin PBXFileReference section */
		304837E32CE2553400200EC6 /* Outfit7TakeHomeTest.app */ = {isa = PBXFileReference; explicitFileType = wrapper.application; includeInIndex = 0; path = Outfit7TakeHomeTest.app; sourceTree = BUILT_PRODUCTS_DIR; };
		304837E62CE2553400200EC6 /* Outfit7TakeHomeTestApp.swift */ = {isa = PBXFileReference; lastKnownFileType = sourcecode.swift; path = Outfit7TakeHomeTestApp.swift; sourceTree = "<group>"; };
		304837E82CE2553400200EC6 /* ContentView.swift */ = {isa = PBXFileReference; lastKnownFileType = sourcecode.swift; path = ContentView.swift; sourceTree = "<group>"; };
		304837EA2CE2553400200EC6 /* Assets.xcassets */ = {isa = PBXFileReference; lastKnownFileType = folder.assetcatalog; path = Assets.xcassets; sourceTree = "<group>"; };
		304837ED2CE2553400200EC6 /* Preview Assets.xcassets */ = {isa = PBXFileReference; lastKnownFileType = folder.assetcatalog; path = "Preview Assets.xcassets"; sourceTree = "<group>"; };
		304837F82CE2580C00200EC6 /* LocalEmployeeDataSourceProtocol.swift */ = {isa = PBXFileReference; lastKnownFileType = sourcecode.swift; path = LocalEmployeeDataSourceProtocol.swift; sourceTree = "<group>"; };
		304837FA2CE25B1D00200EC6 /* CoreDataService.swift */ = {isa = PBXFileReference; lastKnownFileType = sourcecode.swift; path = CoreDataService.swift; sourceTree = "<group>"; };
		304837FD2CE25C4E00200EC6 /* EmployeeCoreDataModel.xcdatamodel */ = {isa = PBXFileReference; lastKnownFileType = wrapper.xcdatamodel; path = EmployeeCoreDataModel.xcdatamodel; sourceTree = "<group>"; };
		3099CDA32CE25F4D00A84F61 /* EmployeeDomainModel.swift */ = {isa = PBXFileReference; lastKnownFileType = sourcecode.swift; path = EmployeeDomainModel.swift; sourceTree = "<group>"; };
		3099CDA52CE261DF00A84F61 /* GenderModel.swift */ = {isa = PBXFileReference; lastKnownFileType = sourcecode.swift; path = GenderModel.swift; sourceTree = "<group>"; };
/* End PBXFileReference section */

/* Begin PBXFrameworksBuildPhase section */
		304837E02CE2553400200EC6 /* Frameworks */ = {
			isa = PBXFrameworksBuildPhase;
			buildActionMask = 2147483647;
			files = (
			);
			runOnlyForDeploymentPostprocessing = 0;
		};
/* End PBXFrameworksBuildPhase section */

/* Begin PBXGroup section */
		304837DA2CE2553400200EC6 = {
			isa = PBXGroup;
			children = (
				304837E52CE2553400200EC6 /* Outfit7TakeHomeTest */,
				304837E42CE2553400200EC6 /* Products */,
			);
			sourceTree = "<group>";
		};
		304837E42CE2553400200EC6 /* Products */ = {
			isa = PBXGroup;
			children = (
				304837E32CE2553400200EC6 /* Outfit7TakeHomeTest.app */,
			);
			name = Products;
			sourceTree = "<group>";
		};
		304837E52CE2553400200EC6 /* Outfit7TakeHomeTest */ = {
			isa = PBXGroup;
			children = (
				304837F42CE2575E00200EC6 /* App */,
				304837F52CE2576D00200EC6 /* Presentation */,
				304837F62CE2579A00200EC6 /* Domain */,
				304837F72CE257AB00200EC6 /* Data */,
				304837EA2CE2553400200EC6 /* Assets.xcassets */,
				304837EC2CE2553400200EC6 /* Preview Content */,
			);
			path = Outfit7TakeHomeTest;
			sourceTree = "<group>";
		};
		304837EC2CE2553400200EC6 /* Preview Content */ = {
			isa = PBXGroup;
			children = (
				304837ED2CE2553400200EC6 /* Preview Assets.xcassets */,
			);
			path = "Preview Content";
			sourceTree = "<group>";
		};
		304837F42CE2575E00200EC6 /* App */ = {
			isa = PBXGroup;
			children = (
				304837E62CE2553400200EC6 /* Outfit7TakeHomeTestApp.swift */,
			);
			path = App;
			sourceTree = "<group>";
		};
		304837F52CE2576D00200EC6 /* Presentation */ = {
			isa = PBXGroup;
			children = (
				304837E82CE2553400200EC6 /* ContentView.swift */,
			);
			path = Presentation;
			sourceTree = "<group>";
		};
		304837F62CE2579A00200EC6 /* Domain */ = {
			isa = PBXGroup;
			children = (
				3099CDA32CE25F4D00A84F61 /* EmployeeDomainModel.swift */,
				3099CDA52CE261DF00A84F61 /* GenderModel.swift */,
			);
			path = Domain;
			sourceTree = "<group>";
		};
		304837F72CE257AB00200EC6 /* Data */ = {
			isa = PBXGroup;
			children = (
				304837FA2CE25B1D00200EC6 /* CoreDataService.swift */,
				304837F82CE2580C00200EC6 /* LocalEmployeeDataSourceProtocol.swift */,
				304837FC2CE25C4E00200EC6 /* EmployeeCoreDataModel.xcdatamodeld */,
			);
			path = Data;
			sourceTree = "<group>";
		};
/* End PBXGroup section */

/* Begin PBXNativeTarget section */
		304837E22CE2553400200EC6 /* Outfit7TakeHomeTest */ = {
			isa = PBXNativeTarget;
			buildConfigurationList = 304837F12CE2553500200EC6 /* Build configuration list for PBXNativeTarget "Outfit7TakeHomeTest" */;
			buildPhases = (
				304837DF2CE2553400200EC6 /* Sources */,
				304837E02CE2553400200EC6 /* Frameworks */,
				304837E12CE2553400200EC6 /* Resources */,
			);
			buildRules = (
			);
			dependencies = (
			);
			name = Outfit7TakeHomeTest;
			productName = Outfit7TakeHomeTest;
			productReference = 304837E32CE2553400200EC6 /* Outfit7TakeHomeTest.app */;
			productType = "com.apple.product-type.application";
		};
/* End PBXNativeTarget section */

/* Begin PBXProject section */
		304837DB2CE2553400200EC6 /* Project object */ = {
			isa = PBXProject;
			attributes = {
				BuildIndependentTargetsInParallel = 1;
				LastSwiftUpdateCheck = 1540;
				LastUpgradeCheck = 1540;
				TargetAttributes = {
					304837E22CE2553400200EC6 = {
						CreatedOnToolsVersion = 15.4;
					};
				};
			};
			buildConfigurationList = 304837DE2CE2553400200EC6 /* Build configuration list for PBXProject "Outfit7TakeHomeTest" */;
			compatibilityVersion = "Xcode 14.0";
			developmentRegion = en;
			hasScannedForEncodings = 0;
			knownRegions = (
				en,
				Base,
			);
			mainGroup = 304837DA2CE2553400200EC6;
			productRefGroup = 304837E42CE2553400200EC6 /* Products */;
			projectDirPath = "";
			projectRoot = "";
			targets = (
				304837E22CE2553400200EC6 /* Outfit7TakeHomeTest */,
			);
		};
/* End PBXProject section */

/* Begin PBXResourcesBuildPhase section */
		304837E12CE2553400200EC6 /* Resources */ = {
			isa = PBXResourcesBuildPhase;
			buildActionMask = 2147483647;
			files = (
				304837EE2CE2553400200EC6 /* Preview Assets.xcassets in Resources */,
				304837EB2CE2553400200EC6 /* Assets.xcassets in Resources */,
			);
			runOnlyForDeploymentPostprocessing = 0;
		};
/* End PBXResourcesBuildPhase section */

/* Begin PBXSourcesBuildPhase section */
		304837DF2CE2553400200EC6 /* Sources */ = {
			isa = PBXSourcesBuildPhase;
			buildActionMask = 2147483647;
			files = (
				304837E92CE2553400200EC6 /* ContentView.swift in Sources */,
				304837F92CE2580C00200EC6 /* LocalEmployeeDataSourceProtocol.swift in Sources */,
				304837FB2CE25B1D00200EC6 /* CoreDataService.swift in Sources */,
				3099CDA42CE25F4D00A84F61 /* EmployeeDomainModel.swift in Sources */,
				304837FE2CE25C4E00200EC6 /* EmployeeCoreDataModel.xcdatamodeld in Sources */,
				304837E72CE2553400200EC6 /* Outfit7TakeHomeTestApp.swift in Sources */,
				3099CDA62CE261DF00A84F61 /* GenderModel.swift in Sources */,
			);
			runOnlyForDeploymentPostprocessing = 0;
		};
/* End PBXSourcesBuildPhase section */

/* Begin XCBuildConfiguration section */
		304837EF2CE2553400200EC6 /* Debug */ = {
			isa = XCBuildConfiguration;
			buildSettings = {
				ALWAYS_SEARCH_USER_PATHS = NO;
				ASSETCATALOG_COMPILER_GENERATE_SWIFT_ASSET_SYMBOL_EXTENSIONS = YES;
				CLANG_ANALYZER_NONNULL = YES;
				CLANG_ANALYZER_NUMBER_OBJECT_CONVERSION = YES_AGGRESSIVE;
				CLANG_CXX_LANGUAGE_STANDARD = "gnu++20";
				CLANG_ENABLE_MODULES = YES;
				CLANG_ENABLE_OBJC_ARC = YES;
				CLANG_ENABLE_OBJC_WEAK = YES;
				CLANG_WARN_BLOCK_CAPTURE_AUTORELEASING = YES;
				CLANG_WARN_BOOL_CONVERSION = YES;
				CLANG_WARN_COMMA = YES;
				CLANG_WARN_CONSTANT_CONVERSION = YES;
				CLANG_WARN_DEPRECATED_OBJC_IMPLEMENTATIONS = YES;
				CLANG_WARN_DIRECT_OBJC_ISA_USAGE = YES_ERROR;
				CLANG_WARN_DOCUMENTATION_COMMENTS = YES;
				CLANG_WARN_EMPTY_BODY = YES;
				CLANG_WARN_ENUM_CONVERSION = YES;
				CLANG_WARN_INFINITE_RECURSION = YES;
				CLANG_WARN_INT_CONVERSION = YES;
				CLANG_WARN_NON_LITERAL_NULL_CONVERSION = YES;
				CLANG_WARN_OBJC_IMPLICIT_RETAIN_SELF = YES;
				CLANG_WARN_OBJC_LITERAL_CONVERSION = YES;
				CLANG_WARN_OBJC_ROOT_CLASS = YES_ERROR;
				CLANG_WARN_QUOTED_INCLUDE_IN_FRAMEWORK_HEADER = YES;
				CLANG_WARN_RANGE_LOOP_ANALYSIS = YES;
				CLANG_WARN_STRICT_PROTOTYPES = YES;
				CLANG_WARN_SUSPICIOUS_MOVE = YES;
				CLANG_WARN_UNGUARDED_AVAILABILITY = YES_AGGRESSIVE;
				CLANG_WARN_UNREACHABLE_CODE = YES;
				CLANG_WARN__DUPLICATE_METHOD_MATCH = YES;
				COPY_PHASE_STRIP = NO;
				DEBUG_INFORMATION_FORMAT = dwarf;
				ENABLE_STRICT_OBJC_MSGSEND = YES;
				ENABLE_TESTABILITY = YES;
				ENABLE_USER_SCRIPT_SANDBOXING = YES;
				GCC_C_LANGUAGE_STANDARD = gnu17;
				GCC_DYNAMIC_NO_PIC = NO;
				GCC_NO_COMMON_BLOCKS = YES;
				GCC_OPTIMIZATION_LEVEL = 0;
				GCC_PREPROCESSOR_DEFINITIONS = (
					"DEBUG=1",
					"$(inherited)",
				);
				GCC_WARN_64_TO_32_BIT_CONVERSION = YES;
				GCC_WARN_ABOUT_RETURN_TYPE = YES_ERROR;
				GCC_WARN_UNDECLARED_SELECTOR = YES;
				GCC_WARN_UNINITIALIZED_AUTOS = YES_AGGRESSIVE;
				GCC_WARN_UNUSED_FUNCTION = YES;
				GCC_WARN_UNUSED_VARIABLE = YES;
				IPHONEOS_DEPLOYMENT_TARGET = 17.5;
				LOCALIZATION_PREFERS_STRING_CATALOGS = YES;
				MTL_ENABLE_DEBUG_INFO = INCLUDE_SOURCE;
				MTL_FAST_MATH = YES;
				ONLY_ACTIVE_ARCH = YES;
				SDKROOT = iphoneos;
				SWIFT_ACTIVE_COMPILATION_CONDITIONS = "DEBUG $(inherited)";
				SWIFT_OPTIMIZATION_LEVEL = "-Onone";
			};
			name = Debug;
		};
		304837F02CE2553500200EC6 /* Release */ = {
			isa = XCBuildConfiguration;
			buildSettings = {
				ALWAYS_SEARCH_USER_PATHS = NO;
				ASSETCATALOG_COMPILER_GENERATE_SWIFT_ASSET_SYMBOL_EXTENSIONS = YES;
				CLANG_ANALYZER_NONNULL = YES;
				CLANG_ANALYZER_NUMBER_OBJECT_CONVERSION = YES_AGGRESSIVE;
				CLANG_CXX_LANGUAGE_STANDARD = "gnu++20";
				CLANG_ENABLE_MODULES = YES;
				CLANG_ENABLE_OBJC_ARC = YES;
				CLANG_ENABLE_OBJC_WEAK = YES;
				CLANG_WARN_BLOCK_CAPTURE_AUTORELEASING = YES;
				CLANG_WARN_BOOL_CONVERSION = YES;
				CLANG_WARN_COMMA = YES;
				CLANG_WARN_CONSTANT_CONVERSION = YES;
				CLANG_WARN_DEPRECATED_OBJC_IMPLEMENTATIONS = YES;
				CLANG_WARN_DIRECT_OBJC_ISA_USAGE = YES_ERROR;
				CLANG_WARN_DOCUMENTATION_COMMENTS = YES;
				CLANG_WARN_EMPTY_BODY = YES;
				CLANG_WARN_ENUM_CONVERSION = YES;
				CLANG_WARN_INFINITE_RECURSION = YES;
				CLANG_WARN_INT_CONVERSION = YES;
				CLANG_WARN_NON_LITERAL_NULL_CONVERSION = YES;
				CLANG_WARN_OBJC_IMPLICIT_RETAIN_SELF = YES;
				CLANG_WARN_OBJC_LITERAL_CONVERSION = YES;
				CLANG_WARN_OBJC_ROOT_CLASS = YES_ERROR;
				CLANG_WARN_QUOTED_INCLUDE_IN_FRAMEWORK_HEADER = YES;
				CLANG_WARN_RANGE_LOOP_ANALYSIS = YES;
				CLANG_WARN_STRICT_PROTOTYPES = YES;
				CLANG_WARN_SUSPICIOUS_MOVE = YES;
				CLANG_WARN_UNGUARDED_AVAILABILITY = YES_AGGRESSIVE;
				CLANG_WARN_UNREACHABLE_CODE = YES;
				CLANG_WARN__DUPLICATE_METHOD_MATCH = YES;
				COPY_PHASE_STRIP = NO;
				DEBUG_INFORMATION_FORMAT = "dwarf-with-dsym";
				ENABLE_NS_ASSERTIONS = NO;
				ENABLE_STRICT_OBJC_MSGSEND = YES;
				ENABLE_USER_SCRIPT_SANDBOXING = YES;
				GCC_C_LANGUAGE_STANDARD = gnu17;
				GCC_NO_COMMON_BLOCKS = YES;
				GCC_WARN_64_TO_32_BIT_CONVERSION = YES;
				GCC_WARN_ABOUT_RETURN_TYPE = YES_ERROR;
				GCC_WARN_UNDECLARED_SELECTOR = YES;
				GCC_WARN_UNINITIALIZED_AUTOS = YES_AGGRESSIVE;
				GCC_WARN_UNUSED_FUNCTION = YES;
				GCC_WARN_UNUSED_VARIABLE = YES;
				IPHONEOS_DEPLOYMENT_TARGET = 17.5;
				LOCALIZATION_PREFERS_STRING_CATALOGS = YES;
				MTL_ENABLE_DEBUG_INFO = NO;
				MTL_FAST_MATH = YES;
				SDKROOT = iphoneos;
				SWIFT_COMPILATION_MODE = wholemodule;
				VALIDATE_PRODUCT = YES;
			};
			name = Release;
		};
		304837F22CE2553500200EC6 /* Debug */ = {
			isa = XCBuildConfiguration;
			buildSettings = {
				ASSETCATALOG_COMPILER_APPICON_NAME = AppIcon;
				ASSETCATALOG_COMPILER_GLOBAL_ACCENT_COLOR_NAME = AccentColor;
				CODE_SIGN_STYLE = Automatic;
				CURRENT_PROJECT_VERSION = 1;
				DEVELOPMENT_ASSET_PATHS = "\"Outfit7TakeHomeTest/Preview Content\"";
				DEVELOPMENT_TEAM = FQWAP959Y3;
				ENABLE_PREVIEWS = YES;
				GENERATE_INFOPLIST_FILE = YES;
				INFOPLIST_KEY_UIApplicationSceneManifest_Generation = YES;
				INFOPLIST_KEY_UIApplicationSupportsIndirectInputEvents = YES;
				INFOPLIST_KEY_UILaunchScreen_Generation = YES;
				INFOPLIST_KEY_UISupportedInterfaceOrientations_iPad = "UIInterfaceOrientationPortrait UIInterfaceOrientationPortraitUpsideDown UIInterfaceOrientationLandscapeLeft UIInterfaceOrientationLandscapeRight";
				INFOPLIST_KEY_UISupportedInterfaceOrientations_iPhone = "UIInterfaceOrientationPortrait UIInterfaceOrientationLandscapeLeft UIInterfaceOrientationLandscapeRight";
				LD_RUNPATH_SEARCH_PATHS = (
					"$(inherited)",
					"@executable_path/Frameworks",
				);
				MARKETING_VERSION = 1.0;
				PRODUCT_BUNDLE_IDENTIFIER = onflyer.com.Outfit7TakeHomeTest;
				PRODUCT_NAME = "$(TARGET_NAME)";
				SWIFT_EMIT_LOC_STRINGS = YES;
				SWIFT_VERSION = 5.0;
				TARGETED_DEVICE_FAMILY = "1,2";
			};
			name = Debug;
		};
		304837F32CE2553500200EC6 /* Release */ = {
			isa = XCBuildConfiguration;
			buildSettings = {
				ASSETCATALOG_COMPILER_APPICON_NAME = AppIcon;
				ASSETCATALOG_COMPILER_GLOBAL_ACCENT_COLOR_NAME = AccentColor;
				CODE_SIGN_STYLE = Automatic;
				CURRENT_PROJECT_VERSION = 1;
				DEVELOPMENT_ASSET_PATHS = "\"Outfit7TakeHomeTest/Preview Content\"";
				DEVELOPMENT_TEAM = FQWAP959Y3;
				ENABLE_PREVIEWS = YES;
				GENERATE_INFOPLIST_FILE = YES;
				INFOPLIST_KEY_UIApplicationSceneManifest_Generation = YES;
				INFOPLIST_KEY_UIApplicationSupportsIndirectInputEvents = YES;
				INFOPLIST_KEY_UILaunchScreen_Generation = YES;
				INFOPLIST_KEY_UISupportedInterfaceOrientations_iPad = "UIInterfaceOrientationPortrait UIInterfaceOrientationPortraitUpsideDown UIInterfaceOrientationLandscapeLeft UIInterfaceOrientationLandscapeRight";
				INFOPLIST_KEY_UISupportedInterfaceOrientations_iPhone = "UIInterfaceOrientationPortrait UIInterfaceOrientationLandscapeLeft UIInterfaceOrientationLandscapeRight";
				LD_RUNPATH_SEARCH_PATHS = (
					"$(inherited)",
					"@executable_path/Frameworks",
				);
				MARKETING_VERSION = 1.0;
				PRODUCT_BUNDLE_IDENTIFIER = onflyer.com.Outfit7TakeHomeTest;
				PRODUCT_NAME = "$(TARGET_NAME)";
				SWIFT_EMIT_LOC_STRINGS = YES;
				SWIFT_VERSION = 5.0;
				TARGETED_DEVICE_FAMILY = "1,2";
			};
			name = Release;
		};
/* End XCBuildConfiguration section */

/* Begin XCConfigurationList section */
		304837DE2CE2553400200EC6 /* Build configuration list for PBXProject "Outfit7TakeHomeTest" */ = {
			isa = XCConfigurationList;
			buildConfigurations = (
				304837EF2CE2553400200EC6 /* Debug */,
				304837F02CE2553500200EC6 /* Release */,
			);
			defaultConfigurationIsVisible = 0;
			defaultConfigurationName = Release;
		};
		304837F12CE2553500200EC6 /* Build configuration list for PBXNativeTarget "Outfit7TakeHomeTest" */ = {
			isa = XCConfigurationList;
			buildConfigurations = (
				304837F22CE2553500200EC6 /* Debug */,
				304837F32CE2553500200EC6 /* Release */,
			);
			defaultConfigurationIsVisible = 0;
			defaultConfigurationName = Release;
		};
/* End XCConfigurationList section */

/* Begin XCVersionGroup section */
		304837FC2CE25C4E00200EC6 /* EmployeeCoreDataModel.xcdatamodeld */ = {
			isa = XCVersionGroup;
			children = (
				304837FD2CE25C4E00200EC6 /* EmployeeCoreDataModel.xcdatamodel */,
			);
			currentVersion = 304837FD2CE25C4E00200EC6 /* EmployeeCoreDataModel.xcdatamodel */;
			name = EmployeeCoreDataModel.xcdatamodeld;
			path = /Users/aleksandarmilidrag/Desktop/Outfit7TakeHomeTest/Outfit7TakeHomeTest/Data/EmployeeCoreDataModel.xcdatamodeld;
			sourceTree = "<group>";
			versionGroupType = wrapper.xcdatamodel;
		};
/* End XCVersionGroup section */
	};
	rootObject = 304837DB2CE2553400200EC6 /* Project object */;
}
